[[package]]
name = "ansible"
version = "5.10.0"
description = "Radically simple IT automation"
category = "main"
optional = false
python-versions = ">=3.8"

[package.dependencies]
ansible-core = ">=2.12.7,<2.13.0"

[[package]]
name = "ansible-core"
version = "2.12.10"
description = "Radically simple IT automation"
category = "main"
optional = false
python-versions = ">=3.8"

[package.dependencies]
cryptography = "*"
jinja2 = "*"
packaging = "*"
PyYAML = "*"
resolvelib = ">=0.5.3,<0.6.0"

[[package]]
name = "cffi"
version = "1.15.1"
description = "Foreign Function Interface for Python calling C code."
category = "main"
optional = false
python-versions = "*"

[package.dependencies]
pycparser = "*"

[[package]]
name = "cryptography"
version = "38.0.3"
description = "cryptography is a package which provides cryptographic recipes and primitives to Python developers."
category = "main"
optional = false
python-versions = ">=3.6"

[package.dependencies]
cffi = ">=1.12"

[package.extras]
docs = ["sphinx (>=1.6.5,!=1.8.0,!=3.1.0,!=3.1.1)", "sphinx-rtd-theme"]
docstest = ["pyenchant (>=1.6.11)", "twine (>=1.12.0)", "sphinxcontrib-spelling (>=4.0.1)"]
pep8test = ["black", "flake8", "flake8-import-order", "pep8-naming"]
sdist = ["setuptools-rust (>=0.11.4)"]
ssh = ["bcrypt (>=3.1.5)"]
test = ["pytest (>=6.2.0)", "pytest-benchmark", "pytest-cov", "pytest-subtests", "pytest-xdist", "pretend", "iso8601", "pytz", "hypothesis (>=1.11.4,!=3.79.2)"]

[[package]]
name = "jinja2"
version = "3.1.2"
description = "A very fast and expressive template engine."
category = "main"
optional = false
python-versions = ">=3.7"

[package.dependencies]
MarkupSafe = ">=2.0"

[package.extras]
i18n = ["Babel (>=2.7)"]

[[package]]
name = "markupsafe"
version = "2.1.1"
description = "Safely add untrusted strings to HTML/XML markup."
category = "main"
optional = false
python-versions = ">=3.7"

[[package]]
name = "packaging"
version = "21.3"
description = "Core utilities for Python packages"
category = "main"
optional = false
python-versions = ">=3.6"

[package.dependencies]
pyparsing = ">=2.0.2,<3.0.5 || >3.0.5"

[[package]]
name = "pathspec"
version = "0.10.1"
description = "Utility library for gitignore style pattern matching of file paths."
category = "dev"
optional = false
python-versions = ">=3.7"

[[package]]
name = "pycparser"
version = "2.21"
description = "C parser in Python"
category = "main"
optional = false
python-versions = ">=2.7, !=3.0.*, !=3.1.*, !=3.2.*, !=3.3.*"

[[package]]
name = "pyparsing"
version = "3.0.9"
description = "pyparsing module - Classes and methods to define and execute parsing grammars"
category = "main"
optional = false
python-versions = ">=3.6.8"

[package.extras]
diagrams = ["railroad-diagrams", "jinja2"]

[[package]]
name = "pyyaml"
version = "6.0"
description = "YAML parser and emitter for Python"
category = "main"
optional = false
python-versions = ">=3.6"

[[package]]
name = "resolvelib"
version = "0.5.5"
description = "Resolve abstract dependencies into concrete ones"
category = "main"
optional = false
python-versions = "*"

[package.extras]
examples = ["html5lib", "packaging", "pygraphviz", "requests"]
lint = ["black", "flake8"]
release = ["setl", "towncrier"]
test = ["commentjson", "packaging", "pytest"]

[[package]]
name = "yamllint"
version = "1.28.0"
description = "A linter for YAML files."
category = "dev"
optional = false
python-versions = ">=3.6"

[package.dependencies]
pathspec = ">=0.5.3"
pyyaml = "*"

[metadata]
lock-version = "1.1"
python-versions = "^3.8"
content-hash = "32f5cd1ab8f36e1c27d5fc6e3620b877f81047e4216f621053fb435a945915cc"

[metadata.files]
ansible = []
ansible-core = []
cffi = []
cryptography = []
jinja2 = []
markupsafe = []
packaging = []
pathspec = []
pycparser = []
pyparsing = []
pyyaml = []
resolvelib = []
yamllint = []
